
Microsoft Visual Studio Solution File, Format Version 12.00
# Visual Studio 15
VisualStudioVersion = 15.0.27004.2009
MinimumVisualStudioVersion = 10.0.40219.1
Project("{8BC9CEB8-8B4A-11D0-8D11-00A0C91BC942}") = "MatlabGenerate", "MatlabGenerate\MatlabGenerate.vcxproj", "{7F3EE5D5-EE78-44C8-A555-FBD9F01259A3}"
EndProject
Global
	GlobalSection(SolutionConfigurationPlatforms) = preSolution
		Debug|x64 = Debug|x64
		Debug|x86 = Debug|x86
		Release|x64 = Release|x64
		Release|x86 = Release|x86
	EndGlobalSection
	GlobalSection(ProjectConfigurationPlatforms) = postSolution
		{7F3EE5D5-EE78-44C8-A555-FBD9F01259A3}.Debug|x64.ActiveCfg = Debug|x64
		{7F3EE5D5-EE78-44C8-A555-FBD9F01259A3}.Debug|x64.Build.0 = Debug|x64
		{7F3EE5D5-EE78-44C8-A555-FBD9F01259A3}.Debug|x86.ActiveCfg = Debug|Win32
		{7F3EE5D5-EE78-44C8-A555-FBD9F01259A3}.Debug|x86.Build.0 = Debug|Win32
		{7F3EE5D5-EE78-44C8-A555-FBD9F01259A3}.Release|x64.ActiveCfg = Release|x64
		{7F3EE5D5-EE78-44C8-A555-FBD9F01259A3}.Release|x64.Build.0 = Release|x64
		{7F3EE5D5-EE78-44C8-A555-FBD9F01259A3}.Release|x86.ActiveCfg = Release|Win32
		{7F3EE5D5-EE78-44C8-A555-FBD9F01259A3}.Release|x86.Build.0 = Release|Win32
	EndGlobalSection
	GlobalSection(SolutionProperties) = preSolution
		HideSolutionNode = FALSE
	EndGlobalSection
	GlobalSection(ExtensibilityGlobals) = postSolution
		SolutionGuid = {70C8DF55-B7D4-48FD-9285-DF011E51ECC0}
	EndGlobalSection
EndGlobal
